PODS:
  - Flutter (1.0.0)
  - ssid_resolver_flutter (0.0.1):
    - Flutter

DEPENDENCIES:
  - Flutter (from `Flutter`)
  - ssid_resolver_flutter (from `.symlinks/plugins/ssid_resolver_flutter/ios`)

EXTERNAL SOURCES:
  Flutter:
    :path: Flutter
  ssid_resolver_flutter:
    :path: ".symlinks/plugins/ssid_resolver_flutter/ios"

SPEC CHECKSUMS:
  Flutter: cabc95a1d2626b1b06e7179b784ebcf0c0cde467
  ssid_resolver_flutter: e540e42f1b8f9230e18c12a640cb754c3cdab6e6

PODFILE CHECKSUM: 9ded030a97e28d5a5c4c872e8e1ec107f9cd5b75

COCOAPODS: 1.16.2
